
Microsoft Visual Studio Solution File, Format Version 12.00
# Visual Studio 2012
Project("{FAE04EC0-301F-11D3-BF4B-00C04F79EFBC}") = "Table_Project", "Table_Project\Table_Project.csproj", "{F6C6E5E5-5326-4B4B-B3D9-E9CEB48C39B7}"
EndProject
Project("{2150E333-8FDC-42A3-9474-1A3956D46DE8}") = "Solution Items", "Solution Items", "{2070B16A-86BF-4934-9A10-0753168E6BF4}"
EndProject
Global
	GlobalSection(SolutionConfigurationPlatforms) = preSolution
		Debug|x86 = Debug|x86
		Release|x86 = Release|x86
	EndGlobalSection
	GlobalSection(ProjectConfigurationPlatforms) = postSolution
		{F6C6E5E5-5326-4B4B-B3D9-E9CEB48C39B7}.Debug|x86.ActiveCfg = Debug|x86
		{F6C6E5E5-5326-4B4B-B3D9-E9CEB48C39B7}.Debug|x86.Build.0 = Debug|x86
		{F6C6E5E5-5326-4B4B-B3D9-E9CEB48C39B7}.Release|x86.ActiveCfg = Release|x86
		{F6C6E5E5-5326-4B4B-B3D9-E9CEB48C39B7}.Release|x86.Build.0 = Release|x86
	EndGlobalSection
	GlobalSection(SolutionProperties) = preSolution
		HideSolutionNode = FALSE
	EndGlobalSection
	GlobalSection(ExtensibilityGlobals) = postSolution
		VisualSVNWorkingCopyRoot = .
	EndGlobalSection
	GlobalSection(Performance) = preSolution
		HasPerformanceSessions = true
	EndGlobalSection
EndGlobal
